
Microsoft Visual Studio Solution File, Format Version 12.00
# Visual Studio Version 17
VisualStudioVersion = 17.10.35201.131
MinimumVisualStudioVersion = 10.0.40219.1
Project("{FAE04EC0-301F-11D3-BF4B-00C04F79EFBC}") = "AoC day1 Part 1", "AoC day1 Part 1.csproj", "{EA590DB6-8EB4-4F71-9109-908E89902F69}"
EndProject
Project("{FAE04EC0-301F-11D3-BF4B-00C04F79EFBC}") = "Aoc day1 Part 2", "..\Aoc day1 Part 2\Aoc day1 Part 2.csproj", "{21AE4F33-E5C1-45B7-A549-C3FEBBE9A089}"
EndProject
Global
	GlobalSection(SolutionConfigurationPlatforms) = preSolution
		Debug|Any CPU = Debug|Any CPU
		Release|Any CPU = Release|Any CPU
	EndGlobalSection
	GlobalSection(ProjectConfigurationPlatforms) = postSolution
		{EA590DB6-8EB4-4F71-9109-908E89902F69}.Debug|Any CPU.ActiveCfg = Debug|Any CPU
		{EA590DB6-8EB4-4F71-9109-908E89902F69}.Debug|Any CPU.Build.0 = Debug|Any CPU
		{EA590DB6-8EB4-4F71-9109-908E89902F69}.Release|Any CPU.ActiveCfg = Release|Any CPU
		{EA590DB6-8EB4-4F71-9109-908E89902F69}.Release|Any CPU.Build.0 = Release|Any CPU
		{21AE4F33-E5C1-45B7-A549-C3FEBBE9A089}.Debug|Any CPU.ActiveCfg = Debug|Any CPU
		{21AE4F33-E5C1-45B7-A549-C3FEBBE9A089}.Debug|Any CPU.Build.0 = Debug|Any CPU
		{21AE4F33-E5C1-45B7-A549-C3FEBBE9A089}.Release|Any CPU.ActiveCfg = Release|Any CPU
		{21AE4F33-E5C1-45B7-A549-C3FEBBE9A089}.Release|Any CPU.Build.0 = Release|Any CPU
	EndGlobalSection
	GlobalSection(SolutionProperties) = preSolution
		HideSolutionNode = FALSE
	EndGlobalSection
	GlobalSection(ExtensibilityGlobals) = postSolution
		SolutionGuid = {1FCCA5AE-5A2A-4EC1-8727-FC8BC35A7FE5}
	EndGlobalSection
EndGlobal
