
Microsoft Visual Studio Solution File, Format Version 12.00
# Visual Studio Version 17
VisualStudioVersion = 17.10.35201.131
MinimumVisualStudioVersion = 10.0.40219.1
Project("{FAE04EC0-301F-11D3-BF4B-00C04F79EFBC}") = "AoC Day2 Part 1", "AoC Day2 Part 1.csproj", "{5CB934A5-F91E-4EF1-A9CD-DE8FAC57CDD9}"
EndProject
Project("{FAE04EC0-301F-11D3-BF4B-00C04F79EFBC}") = "AoC Day2 Part2", "..\AoC Day2 Part2\AoC Day2 Part2.csproj", "{0BAAFBF6-2D17-43E7-A90D-C4CB31759C72}"
EndProject
Global
	GlobalSection(SolutionConfigurationPlatforms) = preSolution
		Debug|Any CPU = Debug|Any CPU
		Release|Any CPU = Release|Any CPU
	EndGlobalSection
	GlobalSection(ProjectConfigurationPlatforms) = postSolution
		{5CB934A5-F91E-4EF1-A9CD-DE8FAC57CDD9}.Debug|Any CPU.ActiveCfg = Debug|Any CPU
		{5CB934A5-F91E-4EF1-A9CD-DE8FAC57CDD9}.Debug|Any CPU.Build.0 = Debug|Any CPU
		{5CB934A5-F91E-4EF1-A9CD-DE8FAC57CDD9}.Release|Any CPU.ActiveCfg = Release|Any CPU
		{5CB934A5-F91E-4EF1-A9CD-DE8FAC57CDD9}.Release|Any CPU.Build.0 = Release|Any CPU
		{0BAAFBF6-2D17-43E7-A90D-C4CB31759C72}.Debug|Any CPU.ActiveCfg = Debug|Any CPU
		{0BAAFBF6-2D17-43E7-A90D-C4CB31759C72}.Debug|Any CPU.Build.0 = Debug|Any CPU
		{0BAAFBF6-2D17-43E7-A90D-C4CB31759C72}.Release|Any CPU.ActiveCfg = Release|Any CPU
		{0BAAFBF6-2D17-43E7-A90D-C4CB31759C72}.Release|Any CPU.Build.0 = Release|Any CPU
	EndGlobalSection
	GlobalSection(SolutionProperties) = preSolution
		HideSolutionNode = FALSE
	EndGlobalSection
	GlobalSection(ExtensibilityGlobals) = postSolution
		SolutionGuid = {2A63D4DC-F7C6-48E7-80F0-BC4366D169FC}
	EndGlobalSection
EndGlobal
